
Microsoft Visual Studio Solution File, Format Version 12.00
Project("{FAE04EC0-301F-11D3-BF4B-00C04F79EFBC}") = "ViteScratch", "ViteScratch.csproj", "{3BD0F4E1-28B7-4DB1-B638-E3DE814A6FB7}"
EndProject
Global
	GlobalSection(SolutionConfigurationPlatforms) = preSolution
		Debug|Any CPU = Debug|Any CPU
		Release|Any CPU = Release|Any CPU
	EndGlobalSection
	GlobalSection(ProjectConfigurationPlatforms) = postSolution
		{3BD0F4E1-28B7-4DB1-B638-E3DE814A6FB7}.Debug|Any CPU.ActiveCfg = Debug|Any CPU
		{3BD0F4E1-28B7-4DB1-B638-E3DE814A6FB7}.Debug|Any CPU.Build.0 = Debug|Any CPU
		{3BD0F4E1-28B7-4DB1-B638-E3DE814A6FB7}.Release|Any CPU.ActiveCfg = Release|Any CPU
		{3BD0F4E1-28B7-4DB1-B638-E3DE814A6FB7}.Release|Any CPU.Build.0 = Release|Any CPU
	EndGlobalSection
EndGlobal
